version = 1
revision = 1
requires-python = ">=3.10"
resolution-markers = [
    "python_full_version >= '3.12'",
    "python_full_version == '3.11.*'",
    "python_full_version < '3.11'",
]

[[package]]
name = "deltalake"
version = "0.14.0"
source = { registry = "https://pypi.org/simple" }
dependencies = [
    { name = "pyarrow" },
]
sdist = { url = "https://files.pythonhosted.org/packages/51/24/e472bc0fb74027a6fe292e8b93d9d4a3d143e456b01046b313cb9837665e/deltalake-0.14.0.tar.gz", hash = "sha256:6aaeac1423c16fa574515f7a0c76b85c4d5fd8e409b0ffcd2c4763f96a6cdb44", size = 4629710 }
wheels = [
    { url = "https://files.pythonhosted.org/packages/73/ac/1d895f4d8583ae0920c4c3f406d82f51889271fd25a21810c824c4291bd9/deltalake-0.14.0-cp38-abi3-macosx_10_12_x86_64.whl", hash = "sha256:48ce48c246e5f3dfe078b8d77a81f76e9b5da61c0e317756c27388e8e42b539e", size = 19902165 },
    { url = "https://files.pythonhosted.org/packages/ad/d4/67f8e2cd0b637e86549c2e2acfa4a9e4d913ba12865919ff1af733ae64ff/deltalake-0.14.0-cp38-abi3-macosx_10_7_x86_64.whl", hash = "sha256:6123362ea7210d50c32fea79b3ad06a1240cac3df34c6a95a28ed073152588d4", size = 20438455 },
    { url = "https://files.pythonhosted.org/packages/33/72/3ebd2d16bb9c4f6fdf18fed14141b21fafc283f441473380aea5be650fd3/deltalake-0.14.0-cp38-abi3-macosx_11_0_arm64.whl", hash = "sha256:fbb379dd4ad6e9a14de64ac4d91ef7ca4f7d1039323c9ac13f08716699ef73e1", size = 18618869 },
    { url = "https://files.pythonhosted.org/packages/88/cd/2fa8c23849f352d03edae17d9feabaf129b7a84731ed9c0848fe41770244/deltalake-0.14.0-cp38-abi3-manylinux_2_17_aarch64.manylinux2014_aarch64.whl", hash = "sha256:9645ab49127d04e74db64201ab1903fc098d38e69bb97f150b67cf545fb249fe", size = 21022275 },
    { url = "https://files.pythonhosted.org/packages/1b/cc/9c65afbb1111ed220e6dacd0fb175fbefe4bbe1012ce4f1b7266d6fdc46a/deltalake-0.14.0-cp38-abi3-manylinux_2_17_x86_64.manylinux2014_x86_64.whl", hash = "sha256:19c8b72f41ca6b32794b937830858e581fb1d8ba1c796843df6ec7ca6d27b8d2", size = 22726911 },
    { url = "https://files.pythonhosted.org/packages/1f/55/65ea9aa54840505ce8b34d8b2fe3c605e7fb13412ca76028b527307c6f69/deltalake-0.14.0-cp38-abi3-win_amd64.whl", hash = "sha256:a70017f8ddd3bb1dce005dfbae0d71cbddf7db9261d1daed0e48bb85b2a1101d", size = 21032812 },
]

[[package]]
name = "numpy"
version = "1.26.4"
source = { registry = "https://pypi.org/simple" }
sdist = { url = "https://files.pythonhosted.org/packages/65/6e/09db70a523a96d25e115e71cc56a6f9031e7b8cd166c1ac8438307c14058/numpy-1.26.4.tar.gz", hash = "sha256:2a02aba9ed12e4ac4eb3ea9421c420301a0c6460d9830d74a9df87efa4912010", size = 15786129 }
wheels = [
    { url = "https://files.pythonhosted.org/packages/a7/94/ace0fdea5241a27d13543ee117cbc65868e82213fb31a8eb7fe9ff23f313/numpy-1.26.4-cp310-cp310-macosx_10_9_x86_64.whl", hash = "sha256:9ff0f4f29c51e2803569d7a51c2304de5554655a60c5d776e35b4a41413830d0", size = 20631468 },
    { url = "https://files.pythonhosted.org/packages/20/f7/b24208eba89f9d1b58c1668bc6c8c4fd472b20c45573cb767f59d49fb0f6/numpy-1.26.4-cp310-cp310-macosx_11_0_arm64.whl", hash = "sha256:2e4ee3380d6de9c9ec04745830fd9e2eccb3e6cf790d39d7b98ffd19b0dd754a", size = 13966411 },
    { url = "https://files.pythonhosted.org/packages/fc/a5/4beee6488160798683eed5bdb7eead455892c3b4e1f78d79d8d3f3b084ac/numpy-1.26.4-cp310-cp310-manylinux_2_17_aarch64.manylinux2014_aarch64.whl", hash = "sha256:d209d8969599b27ad20994c8e41936ee0964e6da07478d6c35016bc386b66ad4", size = 14219016 },
    { url = "https://files.pythonhosted.org/packages/4b/d7/ecf66c1cd12dc28b4040b15ab4d17b773b87fa9d29ca16125de01adb36cd/numpy-1.26.4-cp310-cp310-manylinux_2_17_x86_64.manylinux2014_x86_64.whl", hash = "sha256:ffa75af20b44f8dba823498024771d5ac50620e6915abac414251bd971b4529f", size = 18240889 },
    { url = "https://files.pythonhosted.org/packages/24/03/6f229fe3187546435c4f6f89f6d26c129d4f5bed40552899fcf1f0bf9e50/numpy-1.26.4-cp310-cp310-musllinux_1_1_aarch64.whl", hash = "sha256:62b8e4b1e28009ef2846b4c7852046736bab361f7aeadeb6a5b89ebec3c7055a", size = 13876746 },
    { url = "https://files.pythonhosted.org/packages/39/fe/39ada9b094f01f5a35486577c848fe274e374bbf8d8f472e1423a0bbd26d/numpy-1.26.4-cp310-cp310-musllinux_1_1_x86_64.whl", hash = "sha256:a4abb4f9001ad2858e7ac189089c42178fcce737e4169dc61321660f1a96c7d2", size = 18078620 },
    { url = "https://files.pythonhosted.org/packages/d5/ef/6ad11d51197aad206a9ad2286dc1aac6a378059e06e8cf22cd08ed4f20dc/numpy-1.26.4-cp310-cp310-win32.whl", hash = "sha256:bfe25acf8b437eb2a8b2d49d443800a5f18508cd811fea3181723922a8a82b07", size = 5972659 },
    { url = "https://files.pythonhosted.org/packages/19/77/538f202862b9183f54108557bfda67e17603fc560c384559e769321c9d92/numpy-1.26.4-cp310-cp310-win_amd64.whl", hash = "sha256:b97fe8060236edf3662adfc2c633f56a08ae30560c56310562cb4f95500022d5", size = 15808905 },
    { url = "https://files.pythonhosted.org/packages/11/57/baae43d14fe163fa0e4c47f307b6b2511ab8d7d30177c491960504252053/numpy-1.26.4-cp311-cp311-macosx_10_9_x86_64.whl", hash = "sha256:4c66707fabe114439db9068ee468c26bbdf909cac0fb58686a42a24de1760c71", size = 20630554 },
    { url = "https://files.pythonhosted.org/packages/1a/2e/151484f49fd03944c4a3ad9c418ed193cfd02724e138ac8a9505d056c582/numpy-1.26.4-cp311-cp311-macosx_11_0_arm64.whl", hash = "sha256:edd8b5fe47dab091176d21bb6de568acdd906d1887a4584a15a9a96a1dca06ef", size = 13997127 },
    { url = "https://files.pythonhosted.org/packages/79/ae/7e5b85136806f9dadf4878bf73cf223fe5c2636818ba3ab1c585d0403164/numpy-1.26.4-cp311-cp311-manylinux_2_17_aarch64.manylinux2014_aarch64.whl", hash = "sha256:7ab55401287bfec946ced39700c053796e7cc0e3acbef09993a9ad2adba6ca6e", size = 14222994 },
    { url = "https://files.pythonhosted.org/packages/3a/d0/edc009c27b406c4f9cbc79274d6e46d634d139075492ad055e3d68445925/numpy-1.26.4-cp311-cp311-manylinux_2_17_x86_64.manylinux2014_x86_64.whl", hash = "sha256:666dbfb6ec68962c033a450943ded891bed2d54e6755e35e5835d63f4f6931d5", size = 18252005 },
    { url = "https://files.pythonhosted.org/packages/09/bf/2b1aaf8f525f2923ff6cfcf134ae5e750e279ac65ebf386c75a0cf6da06a/numpy-1.26.4-cp311-cp311-musllinux_1_1_aarch64.whl", hash = "sha256:96ff0b2ad353d8f990b63294c8986f1ec3cb19d749234014f4e7eb0112ceba5a", size = 13885297 },
    { url = "https://files.pythonhosted.org/packages/df/a0/4e0f14d847cfc2a633a1c8621d00724f3206cfeddeb66d35698c4e2cf3d2/numpy-1.26.4-cp311-cp311-musllinux_1_1_x86_64.whl", hash = "sha256:60dedbb91afcbfdc9bc0b1f3f402804070deed7392c23eb7a7f07fa857868e8a", size = 18093567 },
    { url = "https://files.pythonhosted.org/packages/d2/b7/a734c733286e10a7f1a8ad1ae8c90f2d33bf604a96548e0a4a3a6739b468/numpy-1.26.4-cp311-cp311-win32.whl", hash = "sha256:1af303d6b2210eb850fcf03064d364652b7120803a0b872f5211f5234b399f20", size = 5968812 },
    { url = "https://files.pythonhosted.org/packages/3f/6b/5610004206cf7f8e7ad91c5a85a8c71b2f2f8051a0c0c4d5916b76d6cbb2/numpy-1.26.4-cp311-cp311-win_amd64.whl", hash = "sha256:cd25bcecc4974d09257ffcd1f098ee778f7834c3ad767fe5db785be9a4aa9cb2", size = 15811913 },
    { url = "https://files.pythonhosted.org/packages/95/12/8f2020a8e8b8383ac0177dc9570aad031a3beb12e38847f7129bacd96228/numpy-1.26.4-cp312-cp312-macosx_10_9_x86_64.whl", hash = "sha256:b3ce300f3644fb06443ee2222c2201dd3a89ea6040541412b8fa189341847218", size = 20335901 },
    { url = "https://files.pythonhosted.org/packages/75/5b/ca6c8bd14007e5ca171c7c03102d17b4f4e0ceb53957e8c44343a9546dcc/numpy-1.26.4-cp312-cp312-macosx_11_0_arm64.whl", hash = "sha256:03a8c78d01d9781b28a6989f6fa1bb2c4f2d51201cf99d3dd875df6fbd96b23b", size = 13685868 },
    { url = "https://files.pythonhosted.org/packages/79/f8/97f10e6755e2a7d027ca783f63044d5b1bc1ae7acb12afe6a9b4286eac17/numpy-1.26.4-cp312-cp312-manylinux_2_17_aarch64.manylinux2014_aarch64.whl", hash = "sha256:9fad7dcb1aac3c7f0584a5a8133e3a43eeb2fe127f47e3632d43d677c66c102b", size = 13925109 },
    { url = "https://files.pythonhosted.org/packages/0f/50/de23fde84e45f5c4fda2488c759b69990fd4512387a8632860f3ac9cd225/numpy-1.26.4-cp312-cp312-manylinux_2_17_x86_64.manylinux2014_x86_64.whl", hash = "sha256:675d61ffbfa78604709862923189bad94014bef562cc35cf61d3a07bba02a7ed", size = 17950613 },
    { url = "https://files.pythonhosted.org/packages/4c/0c/9c603826b6465e82591e05ca230dfc13376da512b25ccd0894709b054ed0/numpy-1.26.4-cp312-cp312-musllinux_1_1_aarch64.whl", hash = "sha256:ab47dbe5cc8210f55aa58e4805fe224dac469cde56b9f731a4c098b91917159a", size = 13572172 },
    { url = "https://files.pythonhosted.org/packages/76/8c/2ba3902e1a0fc1c74962ea9bb33a534bb05984ad7ff9515bf8d07527cadd/numpy-1.26.4-cp312-cp312-musllinux_1_1_x86_64.whl", hash = "sha256:1dda2e7b4ec9dd512f84935c5f126c8bd8b9f2fc001e9f54af255e8c5f16b0e0", size = 17786643 },
    { url = "https://files.pythonhosted.org/packages/28/4a/46d9e65106879492374999e76eb85f87b15328e06bd1550668f79f7b18c6/numpy-1.26.4-cp312-cp312-win32.whl", hash = "sha256:50193e430acfc1346175fcbdaa28ffec49947a06918b7b92130744e81e640110", size = 5677803 },
    { url = "https://files.pythonhosted.org/packages/16/2e/86f24451c2d530c88daf997cb8d6ac622c1d40d19f5a031ed68a4b73a374/numpy-1.26.4-cp312-cp312-win_amd64.whl", hash = "sha256:08beddf13648eb95f8d867350f6a018a4be2e5ad54c8d8caed89ebca558b2818", size = 15517754 },
]

[[package]]
name = "pandas"
version = "2.1.3"
source = { registry = "https://pypi.org/simple" }
dependencies = [
    { name = "numpy" },
    { name = "python-dateutil" },
    { name = "pytz" },
    { name = "tzdata" },
]
sdist = { url = "https://files.pythonhosted.org/packages/86/ff/662dde2193fc93b8547b073db20472b9676f944d907247a46c9c5bc45bfc/pandas-2.1.3.tar.gz", hash = "sha256:22929f84bca106921917eb73c1521317ddd0a4c71b395bcf767a106e3494209f", size = 4272855 }
wheels = [
    { url = "https://files.pythonhosted.org/packages/6a/81/711b32480f508dcf29cb501f61c4f1c3c72409e9168c6625145440c1c320/pandas-2.1.3-cp310-cp310-macosx_10_9_x86_64.whl", hash = "sha256:acf08a73b5022b479c1be155d4988b72f3020f308f7a87c527702c5f8966d34f", size = 11722181 },
    { url = "https://files.pythonhosted.org/packages/fc/85/ec986ea64f55013d8c669da657f0da86383a15668f9814be2001e08a4807/pandas-2.1.3-cp310-cp310-macosx_11_0_arm64.whl", hash = "sha256:3cc4469ff0cf9aa3a005870cb49ab8969942b7156e0a46cc3f5abd6b11051dfb", size = 10909806 },
    { url = "https://files.pythonhosted.org/packages/8e/e4/29e1fa38caba5d5d6db1807ff0f4152b51b7fb3af3a8446095b0a7619d54/pandas-2.1.3-cp310-cp310-manylinux_2_17_aarch64.manylinux2014_aarch64.whl", hash = "sha256:35172bff95f598cc5866c047f43c7f4df2c893acd8e10e6653a4b792ed7f19bb", size = 14768086 },
    { url = "https://files.pythonhosted.org/packages/1b/fa/4e5d054549faf1524230ffcd57ca98bb7350a4ed62ef722daabde4cb7632/pandas-2.1.3-cp310-cp310-manylinux_2_17_x86_64.manylinux2014_x86_64.whl", hash = "sha256:59dfe0e65a2f3988e940224e2a70932edc964df79f3356e5f2997c7d63e758b4", size = 12263333 },
    { url = "https://files.pythonhosted.org/packages/49/73/5fe14264e2c9e53f40f946782f0e38240f0a6d577609aca440f7223facd6/pandas-2.1.3-cp310-cp310-musllinux_1_1_x86_64.whl", hash = "sha256:0296a66200dee556850d99b24c54c7dfa53a3264b1ca6f440e42bad424caea03", size = 13065932 },
    { url = "https://files.pythonhosted.org/packages/3d/c6/9bb3a165e915b9a43b2fd1d35620977bf1371e08538f3649585a1d7b4794/pandas-2.1.3-cp310-cp310-win_amd64.whl", hash = "sha256:465571472267a2d6e00657900afadbe6097c8e1dc43746917db4dfc862e8863e", size = 10666082 },
    { url = "https://files.pythonhosted.org/packages/1b/ef/63136f5ab2dab6f119ded7c5d31b6294e825059b57d4e5b03042fd557b46/pandas-2.1.3-cp311-cp311-macosx_10_9_x86_64.whl", hash = "sha256:04d4c58e1f112a74689da707be31cf689db086949c71828ef5da86727cfe3f82", size = 11618611 },
    { url = "https://files.pythonhosted.org/packages/d6/7c/20e737300f9bec011fb79c01d8948bc38c854876aac2da2cfcdd0992b153/pandas-2.1.3-cp311-cp311-macosx_11_0_arm64.whl", hash = "sha256:7fa2ad4ff196768ae63a33f8062e6838efed3a319cf938fdf8b95e956c813042", size = 10777582 },
    { url = "https://files.pythonhosted.org/packages/84/d5/dbd0140e9b2cc27566c8213f9f55426487815b3cf1cdabca3edaf5472e35/pandas-2.1.3-cp311-cp311-manylinux_2_17_aarch64.manylinux2014_aarch64.whl", hash = "sha256:4441ac94a2a2613e3982e502ccec3bdedefe871e8cea54b8775992485c5660ef", size = 14778000 },
    { url = "https://files.pythonhosted.org/packages/08/de/d4448c423484537ebc9373d3da2496a2e47f42ea11ff48e025cf49665471/pandas-2.1.3-cp311-cp311-manylinux_2_17_x86_64.manylinux2014_x86_64.whl", hash = "sha256:d5ded6ff28abbf0ea7689f251754d3789e1edb0c4d0d91028f0b980598418a58", size = 12231870 },
    { url = "https://files.pythonhosted.org/packages/8c/76/26e0d50e9fa0ddedd23f0098e5940273a984aac7a0a84493e07d502b21e2/pandas-2.1.3-cp311-cp311-musllinux_1_1_x86_64.whl", hash = "sha256:fca5680368a5139d4920ae3dc993eb5106d49f814ff24018b64d8850a52c6ed2", size = 13065063 },
    { url = "https://files.pythonhosted.org/packages/97/d8/dc2f6bff06a799a5603c414afc6de39c6351fe34892d50b6a077df3be6ac/pandas-2.1.3-cp311-cp311-win_amd64.whl", hash = "sha256:de21e12bf1511190fc1e9ebc067f14ca09fccfb189a813b38d63211d54832f5f", size = 10612232 },
    { url = "https://files.pythonhosted.org/packages/2b/eb/9c6d267f7f35e3150da9abdc70a39e2a98ece154909b61f3ac939ec38811/pandas-2.1.3-cp312-cp312-macosx_10_9_x86_64.whl", hash = "sha256:a5d53c725832e5f1645e7674989f4c106e4b7249c1d57549023ed5462d73b140", size = 11354802 },
    { url = "https://files.pythonhosted.org/packages/a0/68/265225df9e90ade0c332db4148e9aff8c9bcb4e8dd6c681ec4f512770765/pandas-2.1.3-cp312-cp312-macosx_11_0_arm64.whl", hash = "sha256:7cf4cf26042476e39394f1f86868d25b265ff787c9b2f0d367280f11afbdee6d", size = 10611390 },
    { url = "https://files.pythonhosted.org/packages/64/06/6a7e7135cfe2173edae5f5d0a08f7b4b4e37c36b66618b2a1cc077e338ce/pandas-2.1.3-cp312-cp312-manylinux_2_17_aarch64.manylinux2014_aarch64.whl", hash = "sha256:72c84ec1b1d8e5efcbff5312abe92bfb9d5b558f11e0cf077f5496c4f4a3c99e", size = 14246847 },
    { url = "https://files.pythonhosted.org/packages/ae/a5/5d1deab99008002dfe2c6122352687fd4c2f82688775177729cb0d67556d/pandas-2.1.3-cp312-cp312-manylinux_2_17_x86_64.manylinux2014_x86_64.whl", hash = "sha256:1f539e113739a3e0cc15176bf1231a553db0239bfa47a2c870283fd93ba4f683", size = 11660377 },
    { url = "https://files.pythonhosted.org/packages/cd/ff/b425420750328dddfd72448712d29f5b7d873f48162c07e70dd86acc3007/pandas-2.1.3-cp312-cp312-musllinux_1_1_x86_64.whl", hash = "sha256:fc77309da3b55732059e484a1efc0897f6149183c522390772d3561f9bf96c00", size = 12371733 },
    { url = "https://files.pythonhosted.org/packages/df/92/a3fa053c74198f9f0224b2c04dc74f41d2e14e30329c082f7a657f9ca4c5/pandas-2.1.3-cp312-cp312-win_amd64.whl", hash = "sha256:08637041279b8981a062899da0ef47828df52a1838204d2b3761fbd3e9fcb549", size = 10497639 },
]

[[package]]
name = "polars"
version = "0.19.17"
source = { registry = "https://pypi.org/simple" }
sdist = { url = "https://files.pythonhosted.org/packages/be/e6/ad5086aa764a532cc7213e1e3b087eb6a2f599ef9f1948cc1df6dd515d22/polars-0.19.17.tar.gz", hash = "sha256:40b9cc201ca6ee22b2c28e1b1597ea38062e648c855d2d9991dcb85e4ab0e322", size = 2971552 }
wheels = [
    { url = "https://files.pythonhosted.org/packages/df/4c/31d35778446d69058df1464a1d9ba0972007bc0a779e2a76207576a89a2c/polars-0.19.17-cp38-abi3-macosx_10_12_x86_64.whl", hash = "sha256:fd7db41079fd8875157515e4083379a8d9bf060f7766a0f95343d9667d4f9f1c", size = 26529057 },
    { url = "https://files.pythonhosted.org/packages/52/94/401ac178d2d4ba32ab1f219e32b3bfd64ed1978b53b92983fe3b83dbe2d9/polars-0.19.17-cp38-abi3-macosx_11_0_arm64.whl", hash = "sha256:d7acd6622f1f9cdda73e4c42d5d9179796a2e0832c91ce48081f3d4765faaaae", size = 24019070 },
    { url = "https://files.pythonhosted.org/packages/39/e7/1879249e826b17a2f1c5c2629c0d2b58a170606dace66f072d52a2ad1a7b/polars-0.19.17-cp38-abi3-manylinux_2_17_x86_64.manylinux2014_x86_64.whl", hash = "sha256:325d70b77d680562fa8aac4da69cb58c610b82f0f545383b3c6012cc20c45296", size = 28460986 },
    { url = "https://files.pythonhosted.org/packages/88/fc/8ffa84359688e2bbaa2029dc83042e1d66aa90e7f749a0fb52dbfd2f1b54/polars-0.19.17-cp38-abi3-manylinux_2_24_aarch64.whl", hash = "sha256:ac6c74a90b631cbdb0b2b3baf99a05dcc170341754062512b2e95c188506b6f6", size = 26169799 },
    { url = "https://files.pythonhosted.org/packages/35/43/a7e484af9c009abbd59982f1ccbea1e56a6a8fc5bb21944e49767e6d0bed/polars-0.19.17-cp38-abi3-win_amd64.whl", hash = "sha256:f837e27fd55d91c38bc2b0ebd825fd3334c87373e567f40cc51133db89275fef", size = 24619606 },
]

[[package]]
name = "polarslake"
version = "0.1.0"
source = { virtual = "." }
dependencies = [
    { name = "deltalake" },
    { name = "pandas" },
    { name = "polars" },
    { name = "pyarrow" },
]

[package.metadata]
requires-dist = [
    { name = "deltalake", specifier = "==0.14" },
    { name = "pandas", specifier = "==2.1.3" },
    { name = "polars", specifier = "==0.19.17" },
    { name = "pyarrow", specifier = "==14.0.1" },
]

[[package]]
name = "pyarrow"
version = "14.0.1"
source = { registry = "https://pypi.org/simple" }
dependencies = [
    { name = "numpy" },
]
sdist = { url = "https://files.pythonhosted.org/packages/e0/c3/48602ef0a293af9297c0c65cdef8a2339256e485c54a4ff375d3e95d3415/pyarrow-14.0.1.tar.gz", hash = "sha256:b8b3f4fe8d4ec15e1ef9b599b94683c5216adaed78d5cb4c606180546d1e2ee1", size = 1062511 }
wheels = [
    { url = "https://files.pythonhosted.org/packages/c4/ee/84611852a4338e374053b5b2177c70aecb901705c6967ea1321126a24c00/pyarrow-14.0.1-cp310-cp310-macosx_10_14_x86_64.whl", hash = "sha256:96d64e5ba7dceb519a955e5eeb5c9adcfd63f73a56aea4722e2cc81364fc567a", size = 26855009 },
    { url = "https://files.pythonhosted.org/packages/e7/98/86b7480f7daae6755f142a900f1c838d90d62c9ac03d2d572e4556a08653/pyarrow-14.0.1-cp310-cp310-macosx_11_0_arm64.whl", hash = "sha256:1a8ae88c0038d1bc362a682320112ee6774f006134cd5afc291591ee4bc06505", size = 23964197 },
    { url = "https://files.pythonhosted.org/packages/bf/92/e8b678250fd8695d7fe59274fc54d8cc71a84f859133571bac9a3f446aba/pyarrow-14.0.1-cp310-cp310-manylinux_2_17_aarch64.manylinux2014_aarch64.whl", hash = "sha256:0f6f053cb66dc24091f5511e5920e45c83107f954a21032feadc7b9e3a8e7851", size = 35944104 },
    { url = "https://files.pythonhosted.org/packages/27/bb/91d62fcc5678ff9e8483f27f9c493b1891820d4fd35e1fbae115bb24c5dd/pyarrow-14.0.1-cp310-cp310-manylinux_2_17_x86_64.manylinux2014_x86_64.whl", hash = "sha256:906b0dc25f2be12e95975722f1e60e162437023f490dbd80d0deb7375baf3171", size = 38078417 },
    { url = "https://files.pythonhosted.org/packages/b9/23/6a03578dfb889362ebc2e721eda098a8be319d3d5946c11e7e43319b2f4b/pyarrow-14.0.1-cp310-cp310-manylinux_2_28_aarch64.whl", hash = "sha256:78d4a77a46a7de9388b653af1c4ce539350726cd9af62e0831e4f2bd0c95a2f4", size = 35405180 },
    { url = "https://files.pythonhosted.org/packages/34/65/204f7c0d507056c37b56dddb3bd60f55744f2609c0f96a5e4ca91c67c42a/pyarrow-14.0.1-cp310-cp310-manylinux_2_28_x86_64.whl", hash = "sha256:06ca79080ef89d6529bb8e5074d4b4f6086143b2520494fcb7cf8a99079cde93", size = 37976965 },
    { url = "https://files.pythonhosted.org/packages/7f/ab/2c69e9ac0a7629e0787fc1bf8dbe9064c6de814077810e62311f564863a6/pyarrow-14.0.1-cp310-cp310-win_amd64.whl", hash = "sha256:32542164d905002c42dff896efdac79b3bdd7291b1b74aa292fac8450d0e4dcd", size = 24580762 },
    { url = "https://files.pythonhosted.org/packages/1d/a6/b333f35d513dd16294d5fa1535ddb26ec5877f800f3c71c903cc8c7c2656/pyarrow-14.0.1-cp311-cp311-macosx_10_14_x86_64.whl", hash = "sha256:c7331b4ed3401b7ee56f22c980608cf273f0380f77d0f73dd3c185f78f5a6220", size = 26892386 },
    { url = "https://files.pythonhosted.org/packages/58/4e/bd9bf0aaead74ba46996cf11a608894e1867e8e5f850fd7679018a117c60/pyarrow-14.0.1-cp311-cp311-macosx_11_0_arm64.whl", hash = "sha256:922e8b49b88da8633d6cac0e1b5a690311b6758d6f5d7c2be71acb0f1e14cd61", size = 23986729 },
    { url = "https://files.pythonhosted.org/packages/39/50/f7b0a7142a8f5cf627dda896451f8dea2ecf4e08f452e4b688df0aa1ece4/pyarrow-14.0.1-cp311-cp311-manylinux_2_17_aarch64.manylinux2014_aarch64.whl", hash = "sha256:58c889851ca33f992ea916b48b8540735055201b177cb0dcf0596a495a667b00", size = 35940020 },
    { url = "https://files.pythonhosted.org/packages/02/35/132fcd8439b295e11094a27a9a9ef3fbc907db4f58388bd346446e82e316/pyarrow-14.0.1-cp311-cp311-manylinux_2_17_x86_64.manylinux2014_x86_64.whl", hash = "sha256:30d8494870d9916bb53b2a4384948491444741cb9a38253c590e21f836b01222", size = 38069780 },
    { url = "https://files.pythonhosted.org/packages/0a/98/a75075869ff88b409df2e38bcfc27933f5cf24e84fb3a84d311410d112d3/pyarrow-14.0.1-cp311-cp311-manylinux_2_28_aarch64.whl", hash = "sha256:be28e1a07f20391bb0b15ea03dcac3aade29fc773c5eb4bee2838e9b2cdde0cb", size = 35421474 },
    { url = "https://files.pythonhosted.org/packages/fe/2b/72ca700c2ecc82a05a8e2742a04853f9ebf0feab06aa4d61f37a4d5bb279/pyarrow-14.0.1-cp311-cp311-manylinux_2_28_x86_64.whl", hash = "sha256:981670b4ce0110d8dcb3246410a4aabf5714db5d8ea63b15686bce1c914b1f83", size = 37993198 },
    { url = "https://files.pythonhosted.org/packages/d4/f0/607f50ec87ac4775d6124855ae6be2c48bab58aa0a660ccd46e9af52bcd9/pyarrow-14.0.1-cp311-cp311-win_amd64.whl", hash = "sha256:4756a2b373a28f6166c42711240643fb8bd6322467e9aacabd26b488fa41ec23", size = 24564125 },
    { url = "https://files.pythonhosted.org/packages/d1/59/748302753f8ff305baa7afd22e9cdfe2a7a1f32a4e7c8d901f93087b65d7/pyarrow-14.0.1-cp312-cp312-macosx_10_14_x86_64.whl", hash = "sha256:cf87e2cec65dd5cf1aa4aba918d523ef56ef95597b545bbaad01e6433851aa10", size = 26807349 },
    { url = "https://files.pythonhosted.org/packages/a4/89/ed4a3be452853dee8579c9a73333b779a71bba3471d4c7710358022a1582/pyarrow-14.0.1-cp312-cp312-macosx_11_0_arm64.whl", hash = "sha256:470ae0194fbfdfbf4a6b65b4f9e0f6e1fa0ea5b90c1ee6b65b38aecee53508c8", size = 23955049 },
    { url = "https://files.pythonhosted.org/packages/d3/9d/caf94aa9971ec6953d45158581a84520b1e17c1e401efbc4e065dd182be7/pyarrow-14.0.1-cp312-cp312-manylinux_2_17_aarch64.manylinux2014_aarch64.whl", hash = "sha256:6263cffd0c3721c1e348062997babdf0151301f7353010c9c9a8ed47448f82ab", size = 35929348 },
    { url = "https://files.pythonhosted.org/packages/27/53/14fa9879670062407f2e196e1c26a116a08c6e6cb9f633c9146d639b41f1/pyarrow-14.0.1-cp312-cp312-manylinux_2_17_x86_64.manylinux2014_x86_64.whl", hash = "sha256:7a8089d7e77d1455d529dbd7cff08898bbb2666ee48bc4085203af1d826a33cc", size = 38075484 },
    { url = "https://files.pythonhosted.org/packages/81/5d/356aa9eea0bc70563f23b46c8da8181ec732af0d75de6fa715d6e6948fae/pyarrow-14.0.1-cp312-cp312-manylinux_2_28_aarch64.whl", hash = "sha256:fada8396bc739d958d0b81d291cfd201126ed5e7913cb73de6bc606befc30226", size = 35394382 },
    { url = "https://files.pythonhosted.org/packages/73/78/d7c0a3045460d210c5fcbcc619fad1d0a2966f2c99ed4a868c298751b7e0/pyarrow-14.0.1-cp312-cp312-manylinux_2_28_x86_64.whl", hash = "sha256:2a145dab9ed7849fc1101bf03bcdc69913547f10513fdf70fc3ab6c0a50c7eee", size = 37990389 },
    { url = "https://files.pythonhosted.org/packages/34/66/c19d4c26a47ff2720e02270eedecc89fce71dcbdca93cf8c557dd0a526d9/pyarrow-14.0.1-cp312-cp312-win_amd64.whl", hash = "sha256:05fe7994745b634c5fb16ce5717e39a1ac1fac3e2b0795232841660aa76647cd", size = 25037954 },
]

[[package]]
name = "python-dateutil"
version = "2.9.0.post0"
source = { registry = "https://pypi.org/simple" }
dependencies = [
    { name = "six" },
]
sdist = { url = "https://files.pythonhosted.org/packages/66/c0/0c8b6ad9f17a802ee498c46e004a0eb49bc148f2fd230864601a86dcf6db/python-dateutil-2.9.0.post0.tar.gz", hash = "sha256:37dd54208da7e1cd875388217d5e00ebd4179249f90fb72437e91a35459a0ad3", size = 342432 }
wheels = [
    { url = "https://files.pythonhosted.org/packages/ec/57/56b9bcc3c9c6a792fcbaf139543cee77261f3651ca9da0c93f5c1221264b/python_dateutil-2.9.0.post0-py2.py3-none-any.whl", hash = "sha256:a8b2bc7bffae282281c8140a97d3aa9c14da0b136dfe83f850eea9a5f7470427", size = 229892 },
]

[[package]]
name = "pytz"
version = "2025.2"
source = { registry = "https://pypi.org/simple" }
sdist = { url = "https://files.pythonhosted.org/packages/f8/bf/abbd3cdfb8fbc7fb3d4d38d320f2441b1e7cbe29be4f23797b4a2b5d8aac/pytz-2025.2.tar.gz", hash = "sha256:360b9e3dbb49a209c21ad61809c7fb453643e048b38924c765813546746e81c3", size = 320884 }
wheels = [
    { url = "https://files.pythonhosted.org/packages/81/c4/34e93fe5f5429d7570ec1fa436f1986fb1f00c3e0f43a589fe2bbcd22c3f/pytz-2025.2-py2.py3-none-any.whl", hash = "sha256:5ddf76296dd8c44c26eb8f4b6f35488f3ccbf6fbbd7adee0b7262d43f0ec2f00", size = 509225 },
]

[[package]]
name = "six"
version = "1.17.0"
source = { registry = "https://pypi.org/simple" }
sdist = { url = "https://files.pythonhosted.org/packages/94/e7/b2c673351809dca68a0e064b6af791aa332cf192da575fd474ed7d6f16a2/six-1.17.0.tar.gz", hash = "sha256:ff70335d468e7eb6ec65b95b99d3a2836546063f63acc5171de367e834932a81", size = 34031 }
wheels = [
    { url = "https://files.pythonhosted.org/packages/b7/ce/149a00dd41f10bc29e5921b496af8b574d8413afcd5e30dfa0ed46c2cc5e/six-1.17.0-py2.py3-none-any.whl", hash = "sha256:4721f391ed90541fddacab5acf947aa0d3dc7d27b2e1e8eda2be8970586c3274", size = 11050 },
]

[[package]]
name = "tzdata"
version = "2025.2"
source = { registry = "https://pypi.org/simple" }
sdist = { url = "https://files.pythonhosted.org/packages/95/32/1a225d6164441be760d75c2c42e2780dc0873fe382da3e98a2e1e48361e5/tzdata-2025.2.tar.gz", hash = "sha256:b60a638fcc0daffadf82fe0f57e53d06bdec2f36c4df66280ae79bce6bd6f2b9", size = 196380 }
wheels = [
    { url = "https://files.pythonhosted.org/packages/5c/23/c7abc0ca0a1526a0774eca151daeb8de62ec457e77262b66b359c3c7679e/tzdata-2025.2-py2.py3-none-any.whl", hash = "sha256:1a403fada01ff9221ca8044d701868fa132215d84beb92242d9acd2147f667a8", size = 347839 },
]
